// !$*UTF8*$!
{
	archiveVersion = 1;
	classes = {
	};
	objectVersion = 46;
	objects = {

/* Begin PBXBuildFile section */
		151A07561AA4CAAE007E66CD /* main.m in Sources */ = {isa = PBXBuildFile; fileRef = 151A07551AA4CAAE007E66CD /* main.m */; };
		151A07591AA4CAAE007E66CD /* AppDelegate.m in Sources */ = {isa = PBXBuildFile; fileRef = 151A07581AA4CAAE007E66CD /* AppDelegate.m */; };
		151A075F1AA4CAAE007E66CD /* Main.storyboard in Resources */ = {isa = PBXBuildFile; fileRef = 151A075D1AA4CAAE007E66CD /* Main.storyboard */; };
		151A07611AA4CAAE007E66CD /* Images.xcassets in Resources */ = {isa = PBXBuildFile; fileRef = 151A07601AA4CAAE007E66CD /* Images.xcassets */; };
		151A07641AA4CAAE007E66CD /* LaunchScreen.xib in Resources */ = {isa = PBXBuildFile; fileRef = 151A07621AA4CAAE007E66CD /* LaunchScreen.xib */; };
		151A07701AA4CAAE007E66CD /* RunRouteTests.m in Sources */ = {isa = PBXBuildFile; fileRef = 151A076F1AA4CAAE007E66CD /* RunRouteTests.m */; };
		151A077A1AA4CABC007E66CD /* CoreLocation.framework in Frameworks */ = {isa = PBXBuildFile; fileRef = 151A07791AA4CABC007E66CD /* CoreLocation.framework */; };
		151A077C1AA4CAC3007E66CD /* MapKit.framework in Frameworks */ = {isa = PBXBuildFile; fileRef = 151A077B1AA4CAC3007E66CD /* MapKit.framework */; };
		151A077F1AA4CC05007E66CD /* MainViewController.m in Sources */ = {isa = PBXBuildFile; fileRef = 151A077E1AA4CC05007E66CD /* MainViewController.m */; };
		151A07821AA4CC2F007E66CD /* RoutesTableViewController.m in Sources */ = {isa = PBXBuildFile; fileRef = 151A07811AA4CC2F007E66CD /* RoutesTableViewController.m */; };
		151A07851AA4CC4D007E66CD /* DetailsViewController.m in Sources */ = {isa = PBXBuildFile; fileRef = 151A07841AA4CC4D007E66CD /* DetailsViewController.m */; };
		151A07881AA4CC5F007E66CD /* AboutViewController.m in Sources */ = {isa = PBXBuildFile; fileRef = 151A07871AA4CC5F007E66CD /* AboutViewController.m */; };
		151A078B1AA4CE7A007E66CD /* RouteTableViewCell.m in Sources */ = {isa = PBXBuildFile; fileRef = 151A078A1AA4CE7A007E66CD /* RouteTableViewCell.m */; };
		15998DCA1AA6242100DE2DDA /* DataSourceSingleton.m in Sources */ = {isa = PBXBuildFile; fileRef = 15998DC91AA6242100DE2DDA /* DataSourceSingleton.m */; };
		15C353F01AD592A40002F27B /* CorePersistenceManager.m in Sources */ = {isa = PBXBuildFile; fileRef = 15C353EF1AD592A40002F27B /* CorePersistenceManager.m */; };
		6A8BE2D51AD469C5000E3070 /* CoreData.framework in Frameworks */ = {isa = PBXBuildFile; fileRef = 6A8BE2D41AD469C5000E3070 /* CoreData.framework */; };
		6A8BE2D81AD469E1000E3070 /* coreDataModel.xcdatamodeld in Sources */ = {isa = PBXBuildFile; fileRef = 6A8BE2D61AD469E1000E3070 /* coreDataModel.xcdatamodeld */; };
		6A8BE2DE1AD46C6C000E3070 /* Session.m in Sources */ = {isa = PBXBuildFile; fileRef = 6A8BE2DD1AD46C6C000E3070 /* Session.m */; };
		6A8BE2E41AD46D54000E3070 /* RoutePoint.m in Sources */ = {isa = PBXBuildFile; fileRef = 6A8BE2E31AD46D54000E3070 /* RoutePoint.m */; };
		CACA5DA61ADF126C00C29242 /* DesignableView.swift in Sources */ = {isa = PBXBuildFile; fileRef = CACA5DA51ADF126C00C29242 /* DesignableView.swift */; };
/* End PBXBuildFile section */

/* Begin PBXContainerItemProxy section */
		151A076A1AA4CAAE007E66CD /* PBXContainerItemProxy */ = {
			isa = PBXContainerItemProxy;
			containerPortal = 151A07481AA4CAAD007E66CD /* Project object */;
			proxyType = 1;
			remoteGlobalIDString = 151A074F1AA4CAAD007E66CD;
			remoteInfo = RunRoute;
		};
/* End PBXContainerItemProxy section */

/* Begin PBXFileReference section */
		151A07501AA4CAAD007E66CD /* RunRoute.app */ = {isa = PBXFileReference; explicitFileType = wrapper.application; includeInIndex = 0; path = RunRoute.app; sourceTree = BUILT_PRODUCTS_DIR; };
		151A07541AA4CAAE007E66CD /* Info.plist */ = {isa = PBXFileReference; lastKnownFileType = text.plist.xml; path = Info.plist; sourceTree = "<group>"; };
		151A07551AA4CAAE007E66CD /* main.m */ = {isa = PBXFileReference; lastKnownFileType = sourcecode.c.objc; path = main.m; sourceTree = "<group>"; };
		151A07571AA4CAAE007E66CD /* AppDelegate.h */ = {isa = PBXFileReference; lastKnownFileType = sourcecode.c.h; path = AppDelegate.h; sourceTree = "<group>"; };
		151A07581AA4CAAE007E66CD /* AppDelegate.m */ = {isa = PBXFileReference; lastKnownFileType = sourcecode.c.objc; path = AppDelegate.m; sourceTree = "<group>"; };
		151A075E1AA4CAAE007E66CD /* Base */ = {isa = PBXFileReference; lastKnownFileType = file.storyboard; name = Base; path = Base.lproj/Main.storyboard; sourceTree = "<group>"; };
		151A07601AA4CAAE007E66CD /* Images.xcassets */ = {isa = PBXFileReference; lastKnownFileType = folder.assetcatalog; path = Images.xcassets; sourceTree = "<group>"; };
		151A07631AA4CAAE007E66CD /* Base */ = {isa = PBXFileReference; lastKnownFileType = file.xib; name = Base; path = Base.lproj/LaunchScreen.xib; sourceTree = "<group>"; };
		151A07691AA4CAAE007E66CD /* RunRouteTests.xctest */ = {isa = PBXFileReference; explicitFileType = wrapper.cfbundle; includeInIndex = 0; path = RunRouteTests.xctest; sourceTree = BUILT_PRODUCTS_DIR; };
		151A076E1AA4CAAE007E66CD /* Info.plist */ = {isa = PBXFileReference; lastKnownFileType = text.plist.xml; path = Info.plist; sourceTree = "<group>"; };
		151A076F1AA4CAAE007E66CD /* RunRouteTests.m */ = {isa = PBXFileReference; lastKnownFileType = sourcecode.c.objc; path = RunRouteTests.m; sourceTree = "<group>"; };
		151A07791AA4CABC007E66CD /* CoreLocation.framework */ = {isa = PBXFileReference; lastKnownFileType = wrapper.framework; name = CoreLocation.framework; path = System/Library/Frameworks/CoreLocation.framework; sourceTree = SDKROOT; };
		151A077B1AA4CAC3007E66CD /* MapKit.framework */ = {isa = PBXFileReference; lastKnownFileType = wrapper.framework; name = MapKit.framework; path = System/Library/Frameworks/MapKit.framework; sourceTree = SDKROOT; };
		151A077D1AA4CC05007E66CD /* MainViewController.h */ = {isa = PBXFileReference; fileEncoding = 4; lastKnownFileType = sourcecode.c.h; path = MainViewController.h; sourceTree = "<group>"; };
		151A077E1AA4CC05007E66CD /* MainViewController.m */ = {isa = PBXFileReference; fileEncoding = 4; lastKnownFileType = sourcecode.c.objc; path = MainViewController.m; sourceTree = "<group>"; };
		151A07801AA4CC2F007E66CD /* RoutesTableViewController.h */ = {isa = PBXFileReference; fileEncoding = 4; lastKnownFileType = sourcecode.c.h; path = RoutesTableViewController.h; sourceTree = "<group>"; };
		151A07811AA4CC2F007E66CD /* RoutesTableViewController.m */ = {isa = PBXFileReference; fileEncoding = 4; lastKnownFileType = sourcecode.c.objc; path = RoutesTableViewController.m; sourceTree = "<group>"; };
		151A07831AA4CC4D007E66CD /* DetailsViewController.h */ = {isa = PBXFileReference; fileEncoding = 4; lastKnownFileType = sourcecode.c.h; path = DetailsViewController.h; sourceTree = "<group>"; };
		151A07841AA4CC4D007E66CD /* DetailsViewController.m */ = {isa = PBXFileReference; fileEncoding = 4; lastKnownFileType = sourcecode.c.objc; path = DetailsViewController.m; sourceTree = "<group>"; };
		151A07861AA4CC5F007E66CD /* AboutViewController.h */ = {isa = PBXFileReference; fileEncoding = 4; lastKnownFileType = sourcecode.c.h; path = AboutViewController.h; sourceTree = "<group>"; };
		151A07871AA4CC5F007E66CD /* AboutViewController.m */ = {isa = PBXFileReference; fileEncoding = 4; lastKnownFileType = sourcecode.c.objc; path = AboutViewController.m; sourceTree = "<group>"; };
		151A07891AA4CE7A007E66CD /* RouteTableViewCell.h */ = {isa = PBXFileReference; fileEncoding = 4; lastKnownFileType = sourcecode.c.h; path = RouteTableViewCell.h; sourceTree = "<group>"; };
		151A078A1AA4CE7A007E66CD /* RouteTableViewCell.m */ = {isa = PBXFileReference; fileEncoding = 4; lastKnownFileType = sourcecode.c.objc; path = RouteTableViewCell.m; sourceTree = "<group>"; };
		15998DC81AA6242100DE2DDA /* DataSourceSingleton.h */ = {isa = PBXFileReference; fileEncoding = 4; lastKnownFileType = sourcecode.c.h; path = DataSourceSingleton.h; sourceTree = "<group>"; };
		15998DC91AA6242100DE2DDA /* DataSourceSingleton.m */ = {isa = PBXFileReference; fileEncoding = 4; lastKnownFileType = sourcecode.c.objc; path = DataSourceSingleton.m; sourceTree = "<group>"; };
		15C353EE1AD592A40002F27B /* CorePersistenceManager.h */ = {isa = PBXFileReference; fileEncoding = 4; lastKnownFileType = sourcecode.c.h; path = CorePersistenceManager.h; sourceTree = "<group>"; };
		15C353EF1AD592A40002F27B /* CorePersistenceManager.m */ = {isa = PBXFileReference; fileEncoding = 4; lastKnownFileType = sourcecode.c.objc; path = CorePersistenceManager.m; sourceTree = "<group>"; };
		6A8BE2D41AD469C5000E3070 /* CoreData.framework */ = {isa = PBXFileReference; lastKnownFileType = wrapper.framework; name = CoreData.framework; path = System/Library/Frameworks/CoreData.framework; sourceTree = SDKROOT; };
		6A8BE2D71AD469E1000E3070 /* coreDataModel.xcdatamodel */ = {isa = PBXFileReference; lastKnownFileType = wrapper.xcdatamodel; path = coreDataModel.xcdatamodel; sourceTree = "<group>"; };
		6A8BE2DC1AD46C6C000E3070 /* Session.h */ = {isa = PBXFileReference; fileEncoding = 4; lastKnownFileType = sourcecode.c.h; path = Session.h; sourceTree = "<group>"; };
		6A8BE2DD1AD46C6C000E3070 /* Session.m */ = {isa = PBXFileReference; fileEncoding = 4; lastKnownFileType = sourcecode.c.objc; path = Session.m; sourceTree = "<group>"; };
		6A8BE2E21AD46D54000E3070 /* RoutePoint.h */ = {isa = PBXFileReference; fileEncoding = 4; lastKnownFileType = sourcecode.c.h; path = RoutePoint.h; sourceTree = "<group>"; };
		6A8BE2E31AD46D54000E3070 /* RoutePoint.m */ = {isa = PBXFileReference; fileEncoding = 4; lastKnownFileType = sourcecode.c.objc; path = RoutePoint.m; sourceTree = "<group>"; };
		CACA5DA41ADF126C00C29242 /* RunRoute-Bridging-Header.h */ = {isa = PBXFileReference; lastKnownFileType = sourcecode.c.h; path = "RunRoute-Bridging-Header.h"; sourceTree = "<group>"; };
		CACA5DA51ADF126C00C29242 /* DesignableView.swift */ = {isa = PBXFileReference; fileEncoding = 4; lastKnownFileType = sourcecode.swift; path = DesignableView.swift; sourceTree = "<group>"; };
/* End PBXFileReference section */

/* Begin PBXFrameworksBuildPhase section */
		151A074D1AA4CAAD007E66CD /* Frameworks */ = {
			isa = PBXFrameworksBuildPhase;
			buildActionMask = 2147483647;
			files = (
				6A8BE2D51AD469C5000E3070 /* CoreData.framework in Frameworks */,
				151A077C1AA4CAC3007E66CD /* MapKit.framework in Frameworks */,
				151A077A1AA4CABC007E66CD /* CoreLocation.framework in Frameworks */,
			);
			runOnlyForDeploymentPostprocessing = 0;
		};
		151A07661AA4CAAE007E66CD /* Frameworks */ = {
			isa = PBXFrameworksBuildPhase;
			buildActionMask = 2147483647;
			files = (
			);
			runOnlyForDeploymentPostprocessing = 0;
		};
/* End PBXFrameworksBuildPhase section */

/* Begin PBXGroup section */
		151A07471AA4CAAD007E66CD = {
			isa = PBXGroup;
			children = (
				6A8BE2D41AD469C5000E3070 /* CoreData.framework */,
				151A077B1AA4CAC3007E66CD /* MapKit.framework */,
				151A07791AA4CABC007E66CD /* CoreLocation.framework */,
				151A07521AA4CAAD007E66CD /* RunRoute */,
				151A076C1AA4CAAE007E66CD /* RunRouteTests */,
				151A07511AA4CAAD007E66CD /* Products */,
			);
			sourceTree = "<group>";
		};
		151A07511AA4CAAD007E66CD /* Products */ = {
			isa = PBXGroup;
			children = (
				151A07501AA4CAAD007E66CD /* RunRoute.app */,
				151A07691AA4CAAE007E66CD /* RunRouteTests.xctest */,
			);
			name = Products;
			sourceTree = "<group>";
		};
		151A07521AA4CAAD007E66CD /* RunRoute */ = {
			isa = PBXGroup;
			children = (
				151A07571AA4CAAE007E66CD /* AppDelegate.h */,
				151A07581AA4CAAE007E66CD /* AppDelegate.m */,
				151A07861AA4CC5F007E66CD /* AboutViewController.h */,
				151A07871AA4CC5F007E66CD /* AboutViewController.m */,
				15998DC81AA6242100DE2DDA /* DataSourceSingleton.h */,
				15998DC91AA6242100DE2DDA /* DataSourceSingleton.m */,
				151A07831AA4CC4D007E66CD /* DetailsViewController.h */,
				151A07841AA4CC4D007E66CD /* DetailsViewController.m */,
				151A077D1AA4CC05007E66CD /* MainViewController.h */,
				151A077E1AA4CC05007E66CD /* MainViewController.m */,
				151A07891AA4CE7A007E66CD /* RouteTableViewCell.h */,
				151A078A1AA4CE7A007E66CD /* RouteTableViewCell.m */,
				151A07801AA4CC2F007E66CD /* RoutesTableViewController.h */,
				151A07811AA4CC2F007E66CD /* RoutesTableViewController.m */,
				6A8BE2DC1AD46C6C000E3070 /* Session.h */,
				6A8BE2DD1AD46C6C000E3070 /* Session.m */,
				151A075D1AA4CAAE007E66CD /* Main.storyboard */,
				151A07601AA4CAAE007E66CD /* Images.xcassets */,
				151A07621AA4CAAE007E66CD /* LaunchScreen.xib */,
				151A07531AA4CAAD007E66CD /* Supporting Files */,
				6A8BE2D61AD469E1000E3070 /* coreDataModel.xcdatamodeld */,
				6A8BE2E21AD46D54000E3070 /* RoutePoint.h */,
				6A8BE2E31AD46D54000E3070 /* RoutePoint.m */,
				15C353EE1AD592A40002F27B /* CorePersistenceManager.h */,
				15C353EF1AD592A40002F27B /* CorePersistenceManager.m */,
			);
			path = RunRoute;
			sourceTree = "<group>";
		};
		151A07531AA4CAAD007E66CD /* Supporting Files */ = {
			isa = PBXGroup;
			children = (
				CACA5DA51ADF126C00C29242 /* DesignableView.swift */,
				151A07541AA4CAAE007E66CD /* Info.plist */,
				151A07551AA4CAAE007E66CD /* main.m */,
				CACA5DA41ADF126C00C29242 /* RunRoute-Bridging-Header.h */,
			);
			name = "Supporting Files";
			sourceTree = "<group>";
		};
		151A076C1AA4CAAE007E66CD /* RunRouteTests */ = {
			isa = PBXGroup;
			children = (
				151A076F1AA4CAAE007E66CD /* RunRouteTests.m */,
				151A076D1AA4CAAE007E66CD /* Supporting Files */,
			);
			path = RunRouteTests;
			sourceTree = "<group>";
		};
		151A076D1AA4CAAE007E66CD /* Supporting Files */ = {
			isa = PBXGroup;
			children = (
				151A076E1AA4CAAE007E66CD /* Info.plist */,
			);
			name = "Supporting Files";
			sourceTree = "<group>";
		};
/* End PBXGroup section */

/* Begin PBXNativeTarget section */
		151A074F1AA4CAAD007E66CD /* RunRoute */ = {
			isa = PBXNativeTarget;
			buildConfigurationList = 151A07731AA4CAAE007E66CD /* Build configuration list for PBXNativeTarget "RunRoute" */;
			buildPhases = (
				151A074C1AA4CAAD007E66CD /* Sources */,
				151A074D1AA4CAAD007E66CD /* Frameworks */,
				151A074E1AA4CAAD007E66CD /* Resources */,
			);
			buildRules = (
			);
			dependencies = (
			);
			name = RunRoute;
			productName = RunRoute;
			productReference = 151A07501AA4CAAD007E66CD /* RunRoute.app */;
			productType = "com.apple.product-type.application";
		};
		151A07681AA4CAAE007E66CD /* RunRouteTests */ = {
			isa = PBXNativeTarget;
			buildConfigurationList = 151A07761AA4CAAE007E66CD /* Build configuration list for PBXNativeTarget "RunRouteTests" */;
			buildPhases = (
				151A07651AA4CAAE007E66CD /* Sources */,
				151A07661AA4CAAE007E66CD /* Frameworks */,
				151A07671AA4CAAE007E66CD /* Resources */,
			);
			buildRules = (
			);
			dependencies = (
				151A076B1AA4CAAE007E66CD /* PBXTargetDependency */,
			);
			name = RunRouteTests;
			productName = RunRouteTests;
			productReference = 151A07691AA4CAAE007E66CD /* RunRouteTests.xctest */;
			productType = "com.apple.product-type.bundle.unit-test";
		};
/* End PBXNativeTarget section */

/* Begin PBXProject section */
		151A07481AA4CAAD007E66CD /* Project object */ = {
			isa = PBXProject;
			attributes = {
				LastUpgradeCheck = 0610;
				ORGANIZATIONNAME = "Bruno Omella";
				TargetAttributes = {
					151A074F1AA4CAAD007E66CD = {
						CreatedOnToolsVersion = 6.1.1;
					};
					151A07681AA4CAAE007E66CD = {
						CreatedOnToolsVersion = 6.1.1;
						TestTargetID = 151A074F1AA4CAAD007E66CD;
					};
				};
			};
			buildConfigurationList = 151A074B1AA4CAAD007E66CD /* Build configuration list for PBXProject "RunRoute" */;
			compatibilityVersion = "Xcode 3.2";
			developmentRegion = English;
			hasScannedForEncodings = 0;
			knownRegions = (
				en,
				Base,
			);
			mainGroup = 151A07471AA4CAAD007E66CD;
			productRefGroup = 151A07511AA4CAAD007E66CD /* Products */;
			projectDirPath = "";
			projectRoot = "";
			targets = (
				151A074F1AA4CAAD007E66CD /* RunRoute */,
				151A07681AA4CAAE007E66CD /* RunRouteTests */,
			);
		};
/* End PBXProject section */

/* Begin PBXResourcesBuildPhase section */
		151A074E1AA4CAAD007E66CD /* Resources */ = {
			isa = PBXResourcesBuildPhase;
			buildActionMask = 2147483647;
			files = (
				151A075F1AA4CAAE007E66CD /* Main.storyboard in Resources */,
				151A07641AA4CAAE007E66CD /* LaunchScreen.xib in Resources */,
				151A07611AA4CAAE007E66CD /* Images.xcassets in Resources */,
			);
			runOnlyForDeploymentPostprocessing = 0;
		};
		151A07671AA4CAAE007E66CD /* Resources */ = {
			isa = PBXResourcesBuildPhase;
			buildActionMask = 2147483647;
			files = (
			);
			runOnlyForDeploymentPostprocessing = 0;
		};
/* End PBXResourcesBuildPhase section */

/* Begin PBXSourcesBuildPhase section */
		151A074C1AA4CAAD007E66CD /* Sources */ = {
			isa = PBXSourcesBuildPhase;
			buildActionMask = 2147483647;
			files = (
				6A8BE2E41AD46D54000E3070 /* RoutePoint.m in Sources */,
				6A8BE2D81AD469E1000E3070 /* coreDataModel.xcdatamodeld in Sources */,
				151A07881AA4CC5F007E66CD /* AboutViewController.m in Sources */,
				CACA5DA61ADF126C00C29242 /* DesignableView.swift in Sources */,
				15C353F01AD592A40002F27B /* CorePersistenceManager.m in Sources */,
				151A07591AA4CAAE007E66CD /* AppDelegate.m in Sources */,
				15998DCA1AA6242100DE2DDA /* DataSourceSingleton.m in Sources */,
				151A07851AA4CC4D007E66CD /* DetailsViewController.m in Sources */,
				151A078B1AA4CE7A007E66CD /* RouteTableViewCell.m in Sources */,
				6A8BE2DE1AD46C6C000E3070 /* Session.m in Sources */,
				151A077F1AA4CC05007E66CD /* MainViewController.m in Sources */,
				151A07561AA4CAAE007E66CD /* main.m in Sources */,
				151A07821AA4CC2F007E66CD /* RoutesTableViewController.m in Sources */,
			);
			runOnlyForDeploymentPostprocessing = 0;
		};
		151A07651AA4CAAE007E66CD /* Sources */ = {
			isa = PBXSourcesBuildPhase;
			buildActionMask = 2147483647;
			files = (
				151A07701AA4CAAE007E66CD /* RunRouteTests.m in Sources */,
			);
			runOnlyForDeploymentPostprocessing = 0;
		};
/* End PBXSourcesBuildPhase section */

/* Begin PBXTargetDependency section */
		151A076B1AA4CAAE007E66CD /* PBXTargetDependency */ = {
			isa = PBXTargetDependency;
			target = 151A074F1AA4CAAD007E66CD /* RunRoute */;
			targetProxy = 151A076A1AA4CAAE007E66CD /* PBXContainerItemProxy */;
		};
/* End PBXTargetDependency section */

/* Begin PBXVariantGroup section */
		151A075D1AA4CAAE007E66CD /* Main.storyboard */ = {
			isa = PBXVariantGroup;
			children = (
				151A075E1AA4CAAE007E66CD /* Base */,
			);
			name = Main.storyboard;
			sourceTree = "<group>";
		};
		151A07621AA4CAAE007E66CD /* LaunchScreen.xib */ = {
			isa = PBXVariantGroup;
			children = (
				151A07631AA4CAAE007E66CD /* Base */,
			);
			name = LaunchScreen.xib;
			sourceTree = "<group>";
		};
/* End PBXVariantGroup section */

/* Begin XCBuildConfiguration section */
		151A07711AA4CAAE007E66CD /* Debug */ = {
			isa = XCBuildConfiguration;
			buildSettings = {
				ALWAYS_SEARCH_USER_PATHS = NO;
				CLANG_CXX_LANGUAGE_STANDARD = "gnu++0x";
				CLANG_CXX_LIBRARY = "libc++";
				CLANG_ENABLE_MODULES = YES;
				CLANG_ENABLE_OBJC_ARC = YES;
				CLANG_WARN_BOOL_CONVERSION = YES;
				CLANG_WARN_CONSTANT_CONVERSION = YES;
				CLANG_WARN_DIRECT_OBJC_ISA_USAGE = YES_ERROR;
				CLANG_WARN_EMPTY_BODY = YES;
				CLANG_WARN_ENUM_CONVERSION = YES;
				CLANG_WARN_INT_CONVERSION = YES;
				CLANG_WARN_OBJC_ROOT_CLASS = YES_ERROR;
				CLANG_WARN_UNREACHABLE_CODE = YES;
				CLANG_WARN__DUPLICATE_METHOD_MATCH = YES;
				"CODE_SIGN_IDENTITY[sdk=iphoneos*]" = "iPhone Developer";
				COPY_PHASE_STRIP = NO;
				ENABLE_STRICT_OBJC_MSGSEND = YES;
				GCC_C_LANGUAGE_STANDARD = gnu99;
				GCC_DYNAMIC_NO_PIC = NO;
				GCC_OPTIMIZATION_LEVEL = 0;
				GCC_PREPROCESSOR_DEFINITIONS = (
					"DEBUG=1",
					"$(inherited)",
				);
				GCC_SYMBOLS_PRIVATE_EXTERN = NO;
				GCC_WARN_64_TO_32_BIT_CONVERSION = YES;
				GCC_WARN_ABOUT_RETURN_TYPE = YES_ERROR;
				GCC_WARN_UNDECLARED_SELECTOR = YES;
				GCC_WARN_UNINITIALIZED_AUTOS = YES_AGGRESSIVE;
				GCC_WARN_UNUSED_FUNCTION = YES;
				GCC_WARN_UNUSED_VARIABLE = YES;
				IPHONEOS_DEPLOYMENT_TARGET = 8.1;
				MTL_ENABLE_DEBUG_INFO = YES;
				ONLY_ACTIVE_ARCH = YES;
				SDKROOT = iphoneos;
			};
			name = Debug;
		};
		151A07721AA4CAAE007E66CD /* Release */ = {
			isa = XCBuildConfiguration;
			buildSettings = {
				ALWAYS_SEARCH_USER_PATHS = NO;
				CLANG_CXX_LANGUAGE_STANDARD = "gnu++0x";
				CLANG_CXX_LIBRARY = "libc++";
				CLANG_ENABLE_MODULES = YES;
				CLANG_ENABLE_OBJC_ARC = YES;
				CLANG_WARN_BOOL_CONVERSION = YES;
				CLANG_WARN_CONSTANT_CONVERSION = YES;
				CLANG_WARN_DIRECT_OBJC_ISA_USAGE = YES_ERROR;
				CLANG_WARN_EMPTY_BODY = YES;
				CLANG_WARN_ENUM_CONVERSION = YES;
				CLANG_WARN_INT_CONVERSION = YES;
				CLANG_WARN_OBJC_ROOT_CLASS = YES_ERROR;
				CLANG_WARN_UNREACHABLE_CODE = YES;
				CLANG_WARN__DUPLICATE_METHOD_MATCH = YES;
				"CODE_SIGN_IDENTITY[sdk=iphoneos*]" = "iPhone Developer";
				COPY_PHASE_STRIP = YES;
				ENABLE_NS_ASSERTIONS = NO;
				ENABLE_STRICT_OBJC_MSGSEND = YES;
				GCC_C_LANGUAGE_STANDARD = gnu99;
				GCC_WARN_64_TO_32_BIT_CONVERSION = YES;
				GCC_WARN_ABOUT_RETURN_TYPE = YES_ERROR;
				GCC_WARN_UNDECLARED_SELECTOR = YES;
				GCC_WARN_UNINITIALIZED_AUTOS = YES_AGGRESSIVE;
				GCC_WARN_UNUSED_FUNCTION = YES;
				GCC_WARN_UNUSED_VARIABLE = YES;
				IPHONEOS_DEPLOYMENT_TARGET = 8.1;
				MTL_ENABLE_DEBUG_INFO = NO;
				SDKROOT = iphoneos;
				VALIDATE_PRODUCT = YES;
			};
			name = Release;
		};
		151A07741AA4CAAE007E66CD /* Debug */ = {
			isa = XCBuildConfiguration;
			buildSettings = {
				ASSETCATALOG_COMPILER_APPICON_NAME = AppIcon;
				CLANG_ENABLE_MODULES = YES;
				INFOPLIST_FILE = RunRoute/Info.plist;
				LD_RUNPATH_SEARCH_PATHS = "$(inherited) @executable_path/Frameworks";
				PRODUCT_NAME = "$(TARGET_NAME)";
				SWIFT_OBJC_BRIDGING_HEADER = "RunRoute/RunRoute-Bridging-Header.h";
				SWIFT_OPTIMIZATION_LEVEL = "-Onone";
			};
			name = Debug;
		};
		151A07751AA4CAAE007E66CD /* Release */ = {
			isa = XCBuildConfiguration;
			buildSettings = {
				ASSETCATALOG_COMPILER_APPICON_NAME = AppIcon;
				CLANG_ENABLE_MODULES = YES;
				INFOPLIST_FILE = RunRoute/Info.plist;
				LD_RUNPATH_SEARCH_PATHS = "$(inherited) @executable_path/Frameworks";
				PRODUCT_NAME = "$(TARGET_NAME)";
				SWIFT_OBJC_BRIDGING_HEADER = "RunRoute/RunRoute-Bridging-Header.h";
			};
			name = Release;
		};
		151A07771AA4CAAE007E66CD /* Debug */ = {
			isa = XCBuildConfiguration;
			buildSettings = {
				BUNDLE_LOADER = "$(TEST_HOST)";
				FRAMEWORK_SEARCH_PATHS = (
					"$(SDKROOT)/Developer/Library/Frameworks",
					"$(inherited)",
				);
				GCC_PREPROCESSOR_DEFINITIONS = (
					"DEBUG=1",
					"$(inherited)",
				);
				INFOPLIST_FILE = RunRouteTests/Info.plist;
				LD_RUNPATH_SEARCH_PATHS = "$(inherited) @executable_path/Frameworks @loader_path/Frameworks";
				PRODUCT_NAME = "$(TARGET_NAME)";
				TEST_HOST = "$(BUILT_PRODUCTS_DIR)/RunRoute.app/RunRoute";
			};
			name = Debug;
		};
		151A07781AA4CAAE007E66CD /* Release */ = {
			isa = XCBuildConfiguration;
			buildSettings = {
				BUNDLE_LOADER = "$(TEST_HOST)";
				FRAMEWORK_SEARCH_PATHS = (
					"$(SDKROOT)/Developer/Library/Frameworks",
					"$(inherited)",
				);
				INFOPLIST_FILE = RunRouteTests/Info.plist;
				LD_RUNPATH_SEARCH_PATHS = "$(inherited) @executable_path/Frameworks @loader_path/Frameworks";
				PRODUCT_NAME = "$(TARGET_NAME)";
				TEST_HOST = "$(BUILT_PRODUCTS_DIR)/RunRoute.app/RunRoute";
			};
			name = Release;
		};
/* End XCBuildConfiguration section */

/* Begin XCConfigurationList section */
		151A074B1AA4CAAD007E66CD /* Build configuration list for PBXProject "RunRoute" */ = {
			isa = XCConfigurationList;
			buildConfigurations = (
				151A07711AA4CAAE007E66CD /* Debug */,
				151A07721AA4CAAE007E66CD /* Release */,
			);
			defaultConfigurationIsVisible = 0;
			defaultConfigurationName = Release;
		};
		151A07731AA4CAAE007E66CD /* Build configuration list for PBXNativeTarget "RunRoute" */ = {
			isa = XCConfigurationList;
			buildConfigurations = (
				151A07741AA4CAAE007E66CD /* Debug */,
				151A07751AA4CAAE007E66CD /* Release */,
			);
			defaultConfigurationIsVisible = 0;
			defaultConfigurationName = Release;
		};
		151A07761AA4CAAE007E66CD /* Build configuration list for PBXNativeTarget "RunRouteTests" */ = {
			isa = XCConfigurationList;
			buildConfigurations = (
				151A07771AA4CAAE007E66CD /* Debug */,
				151A07781AA4CAAE007E66CD /* Release */,
			);
			defaultConfigurationIsVisible = 0;
			defaultConfigurationName = Release;
		};
/* End XCConfigurationList section */

/* Begin XCVersionGroup section */
		6A8BE2D61AD469E1000E3070 /* coreDataModel.xcdatamodeld */ = {
			isa = XCVersionGroup;
			children = (
				6A8BE2D71AD469E1000E3070 /* coreDataModel.xcdatamodel */,
			);
			currentVersion = 6A8BE2D71AD469E1000E3070 /* coreDataModel.xcdatamodel */;
			path = coreDataModel.xcdatamodeld;
			sourceTree = "<group>";
			versionGroupType = wrapper.xcdatamodel;
		};
/* End XCVersionGroup section */
	};
	rootObject = 151A07481AA4CAAD007E66CD /* Project object */;
}
